
Microsoft Visual Studio Solution File, Format Version 12.00
# Visual Studio Version 17
VisualStudioVersion = 17.8.34316.72
MinimumVisualStudioVersion = 10.0.40219.1
Project("{FAE04EC0-301F-11D3-BF4B-00C04F79EFBC}") = "testTx2.net", "testTx2.net\testTx2.net.csproj", "{6C006EBF-2995-4D27-92C8-A6F173511622}"
EndProject
Global
	GlobalSection(SolutionConfigurationPlatforms) = preSolution
		Debug|Any CPU = Debug|Any CPU
		Release|Any CPU = Release|Any CPU
	EndGlobalSection
	GlobalSection(ProjectConfigurationPlatforms) = postSolution
		{6C006EBF-2995-4D27-92C8-A6F173511622}.Debug|Any CPU.ActiveCfg = Debug|Any CPU
		{6C006EBF-2995-4D27-92C8-A6F173511622}.Debug|Any CPU.Build.0 = Debug|Any CPU
		{6C006EBF-2995-4D27-92C8-A6F173511622}.Release|Any CPU.ActiveCfg = Release|Any CPU
		{6C006EBF-2995-4D27-92C8-A6F173511622}.Release|Any CPU.Build.0 = Release|Any CPU
	EndGlobalSection
	GlobalSection(SolutionProperties) = preSolution
		HideSolutionNode = FALSE
	EndGlobalSection
	GlobalSection(ExtensibilityGlobals) = postSolution
		SolutionGuid = {CE26583F-3FA2-469C-B6EE-1A202EB20319}
	EndGlobalSection
EndGlobal
