
Microsoft Visual Studio Solution File, Format Version 12.00
# Visual Studio Version 17
VisualStudioVersion = 17.5.33530.505
MinimumVisualStudioVersion = 10.0.40219.1
Project("{FAE04EC0-301F-11D3-BF4B-00C04F79EFBC}") = "ConsoleApp1", "ConsoleApp1\ConsoleApp1.csproj", "{B68CFBF6-3C89-4798-A146-A04853B4E38F}"
EndProject
Project("{FAE04EC0-301F-11D3-BF4B-00C04F79EFBC}") = "ConsoleApp2", "ConsoleApp2\ConsoleApp2.csproj", "{096E7047-D811-43FF-8C6D-CEC0A9193AAA}"
EndProject
Global
	GlobalSection(SolutionConfigurationPlatforms) = preSolution
		Debug|Any CPU = Debug|Any CPU
		Release|Any CPU = Release|Any CPU
	EndGlobalSection
	GlobalSection(ProjectConfigurationPlatforms) = postSolution
		{B68CFBF6-3C89-4798-A146-A04853B4E38F}.Debug|Any CPU.ActiveCfg = Debug|Any CPU
		{B68CFBF6-3C89-4798-A146-A04853B4E38F}.Debug|Any CPU.Build.0 = Debug|Any CPU
		{B68CFBF6-3C89-4798-A146-A04853B4E38F}.Release|Any CPU.ActiveCfg = Release|Any CPU
		{B68CFBF6-3C89-4798-A146-A04853B4E38F}.Release|Any CPU.Build.0 = Release|Any CPU
		{096E7047-D811-43FF-8C6D-CEC0A9193AAA}.Debug|Any CPU.ActiveCfg = Debug|Any CPU
		{096E7047-D811-43FF-8C6D-CEC0A9193AAA}.Debug|Any CPU.Build.0 = Debug|Any CPU
		{096E7047-D811-43FF-8C6D-CEC0A9193AAA}.Release|Any CPU.ActiveCfg = Release|Any CPU
		{096E7047-D811-43FF-8C6D-CEC0A9193AAA}.Release|Any CPU.Build.0 = Release|Any CPU
	EndGlobalSection
	GlobalSection(SolutionProperties) = preSolution
		HideSolutionNode = FALSE
	EndGlobalSection
	GlobalSection(ExtensibilityGlobals) = postSolution
		SolutionGuid = {DEBE8FB9-16D3-4FB1-B512-411856336CC0}
	EndGlobalSection
EndGlobal
