
Microsoft Visual Studio Solution File, Format Version 12.00
# Visual Studio Version 17
VisualStudioVersion = 17.8.34316.72
MinimumVisualStudioVersion = 10.0.40219.1
Project("{FAE04EC0-301F-11D3-BF4B-00C04F79EFBC}") = "Bai11TH_Quy_440", "Bai11TH_Quy_440\Bai11TH_Quy_440.csproj", "{A67A8915-87C5-4412-84AF-1183FF94C64C}"
EndProject
Global
	GlobalSection(SolutionConfigurationPlatforms) = preSolution
		Debug|Any CPU = Debug|Any CPU
		Release|Any CPU = Release|Any CPU
	EndGlobalSection
	GlobalSection(ProjectConfigurationPlatforms) = postSolution
		{A67A8915-87C5-4412-84AF-1183FF94C64C}.Debug|Any CPU.ActiveCfg = Debug|Any CPU
		{A67A8915-87C5-4412-84AF-1183FF94C64C}.Debug|Any CPU.Build.0 = Debug|Any CPU
		{A67A8915-87C5-4412-84AF-1183FF94C64C}.Release|Any CPU.ActiveCfg = Release|Any CPU
		{A67A8915-87C5-4412-84AF-1183FF94C64C}.Release|Any CPU.Build.0 = Release|Any CPU
	EndGlobalSection
	GlobalSection(SolutionProperties) = preSolution
		HideSolutionNode = FALSE
	EndGlobalSection
	GlobalSection(ExtensibilityGlobals) = postSolution
		SolutionGuid = {B28B11D0-302C-48FA-BAE0-9EA8538593C5}
	EndGlobalSection
EndGlobal
