
Microsoft Visual Studio Solution File, Format Version 12.00
# Visual Studio Version 17
VisualStudioVersion = 17.8.34316.72
MinimumVisualStudioVersion = 10.0.40219.1
Project("{FAE04EC0-301F-11D3-BF4B-00C04F79EFBC}") = "TestTx2.net", "TestTx2.net\TestTx2.net.csproj", "{A58BD124-F034-445F-B485-5FF11D7FB98D}"
EndProject
Global
	GlobalSection(SolutionConfigurationPlatforms) = preSolution
		Debug|Any CPU = Debug|Any CPU
		Release|Any CPU = Release|Any CPU
	EndGlobalSection
	GlobalSection(ProjectConfigurationPlatforms) = postSolution
		{A58BD124-F034-445F-B485-5FF11D7FB98D}.Debug|Any CPU.ActiveCfg = Debug|Any CPU
		{A58BD124-F034-445F-B485-5FF11D7FB98D}.Debug|Any CPU.Build.0 = Debug|Any CPU
		{A58BD124-F034-445F-B485-5FF11D7FB98D}.Release|Any CPU.ActiveCfg = Release|Any CPU
		{A58BD124-F034-445F-B485-5FF11D7FB98D}.Release|Any CPU.Build.0 = Release|Any CPU
	EndGlobalSection
	GlobalSection(SolutionProperties) = preSolution
		HideSolutionNode = FALSE
	EndGlobalSection
	GlobalSection(ExtensibilityGlobals) = postSolution
		SolutionGuid = {BB6BBE98-5E47-4E1A-B320-24BABDC7B9CE}
	EndGlobalSection
EndGlobal
