
Microsoft Visual Studio Solution File, Format Version 12.00
# Visual Studio Version 17
VisualStudioVersion = 17.8.34316.72
MinimumVisualStudioVersion = 10.0.40219.1
Project("{FAE04EC0-301F-11D3-BF4B-00C04F79EFBC}") = "testTx2.Si", "testTx2.Si\testTx2.Si.csproj", "{F774B1A1-B54E-46C7-B177-C79800B0C76B}"
EndProject
Global
	GlobalSection(SolutionConfigurationPlatforms) = preSolution
		Debug|Any CPU = Debug|Any CPU
		Release|Any CPU = Release|Any CPU
	EndGlobalSection
	GlobalSection(ProjectConfigurationPlatforms) = postSolution
		{F774B1A1-B54E-46C7-B177-C79800B0C76B}.Debug|Any CPU.ActiveCfg = Debug|Any CPU
		{F774B1A1-B54E-46C7-B177-C79800B0C76B}.Debug|Any CPU.Build.0 = Debug|Any CPU
		{F774B1A1-B54E-46C7-B177-C79800B0C76B}.Release|Any CPU.ActiveCfg = Release|Any CPU
		{F774B1A1-B54E-46C7-B177-C79800B0C76B}.Release|Any CPU.Build.0 = Release|Any CPU
	EndGlobalSection
	GlobalSection(SolutionProperties) = preSolution
		HideSolutionNode = FALSE
	EndGlobalSection
	GlobalSection(ExtensibilityGlobals) = postSolution
		SolutionGuid = {7929BA75-E559-44DB-81AC-004A8EB4E9C9}
	EndGlobalSection
EndGlobal
