
Microsoft Visual Studio Solution File, Format Version 12.00
# Visual Studio Version 17
VisualStudioVersion = 17.8.34316.72
MinimumVisualStudioVersion = 10.0.40219.1
Project("{FAE04EC0-301F-11D3-BF4B-00C04F79EFBC}") = "testTx2.Si2", "testTx2.Si2\testTx2.Si2.csproj", "{1D26DDF0-0348-4CCC-8293-11BD0F2AECD0}"
EndProject
Global
	GlobalSection(SolutionConfigurationPlatforms) = preSolution
		Debug|Any CPU = Debug|Any CPU
		Release|Any CPU = Release|Any CPU
	EndGlobalSection
	GlobalSection(ProjectConfigurationPlatforms) = postSolution
		{1D26DDF0-0348-4CCC-8293-11BD0F2AECD0}.Debug|Any CPU.ActiveCfg = Debug|Any CPU
		{1D26DDF0-0348-4CCC-8293-11BD0F2AECD0}.Debug|Any CPU.Build.0 = Debug|Any CPU
		{1D26DDF0-0348-4CCC-8293-11BD0F2AECD0}.Release|Any CPU.ActiveCfg = Release|Any CPU
		{1D26DDF0-0348-4CCC-8293-11BD0F2AECD0}.Release|Any CPU.Build.0 = Release|Any CPU
	EndGlobalSection
	GlobalSection(SolutionProperties) = preSolution
		HideSolutionNode = FALSE
	EndGlobalSection
	GlobalSection(ExtensibilityGlobals) = postSolution
		SolutionGuid = {886F0F34-36BC-49A1-9C56-80B0E8E85241}
	EndGlobalSection
EndGlobal
